<?xml version="1.0" encoding="utf-8"?>
<Project ToolsVersion="4.0" xmlns="http://schemas.microsoft.com/developer/msbuild/2003">
  <ItemGroup>
    <Filter Include="Source Files">
      <UniqueIdentifier>{4FC737F1-C7A5-4376-A066-2A32D752A2FF}</UniqueIdentifier>
      <Extensions>cpp;c;cc;cxx;def;odl;idl;hpj;bat;asm;asmx</Extensions>
    </Filter>
    <Filter Include="Header Files">
      <UniqueIdentifier>{93995380-89BD-4b04-88EB-625FBE52EBFB}</UniqueIdentifier>
      <Extensions>h;hh;hpp;hxx;hm;inl;inc;xsd</Extensions>
    </Filter>
    <Filter Include="Resource Files">
      <UniqueIdentifier>{D9D6E242-F8AF-46E4-B9FD-80ECBC20BA3E}</UniqueIdentifier>
      <Extensions>qrc;*</Extensions>
      <ParseFiles>false</ParseFiles>
    </Filter>
    <Filter Include="Resource Files">
      <UniqueIdentifier>{D9D6E242-F8AF-46E4-B9FD-80ECBC20BA3E}</UniqueIdentifier>
      <Extensions>qrc;*</Extensions>
      <ParseFiles>false</ParseFiles>
    </Filter>
    <Filter Include="Generated Files">
      <UniqueIdentifier>{71ED8ED8-ACB9-4CE9-BBE1-E00B30144E11}</UniqueIdentifier>
      <Extensions>moc;h;cpp</Extensions>
      <SourceControlFiles>False</SourceControlFiles>
    </Filter>
    <Filter Include="TaskExplorer">
      <UniqueIdentifier>{9281d09d-2ea9-4fd9-9f5b-3641b4950edb}</UniqueIdentifier>
    </Filter>
    <Filter Include="API">
      <UniqueIdentifier>{cb9977b3-aced-4563-8332-f3745213d3bb}</UniqueIdentifier>
    </Filter>
    <Filter Include="API\Windows">
      <UniqueIdentifier>{2db0add2-87fa-494d-a6b9-eedf94b80984}</UniqueIdentifier>
    </Filter>
    <Filter Include="Common">
      <UniqueIdentifier>{21b99ddb-37fd-49c1-9470-f459c5dff027}</UniqueIdentifier>
    </Filter>
    <Filter Include="API\Windows\ProcessHacker">
      <UniqueIdentifier>{682b726a-795d-48fb-9df6-947490a4059d}</UniqueIdentifier>
    </Filter>
    <Filter Include="TaskExplorer\TaskInfo">
      <UniqueIdentifier>{04372b0f-1fa5-4294-a9a5-6a947ea3c5a6}</UniqueIdentifier>
    </Filter>
    <Filter Include="TaskExplorer\SystemInfo">
      <UniqueIdentifier>{ba7af562-4fa1-4d9a-9e1f-aa9ccfb0be34}</UniqueIdentifier>
    </Filter>
    <Filter Include="TaskExplorer\Models">
      <UniqueIdentifier>{4a0bd8cb-5aae-4453-8d1d-af5ccee27686}</UniqueIdentifier>
    </Filter>
    <Filter Include="SVC">
      <UniqueIdentifier>{7b001913-6098-46fb-9e4e-e5f4c3d2f1d7}</UniqueIdentifier>
    </Filter>
    <Filter Include="API\Finders">
      <UniqueIdentifier>{6ef269c7-c699-47e7-9e3f-d6b1791a7fad}</UniqueIdentifier>
    </Filter>
    <Filter Include="API\Windows\Finders">
      <UniqueIdentifier>{92d3809e-b8e3-4eb4-9470-b188ab162722}</UniqueIdentifier>
    </Filter>
    <Filter Include="TaskExplorer\Search">
      <UniqueIdentifier>{231e956e-a3d1-428d-8dc0-8fe2686f57d3}</UniqueIdentifier>
    </Filter>
    <Filter Include="Forms">
      <UniqueIdentifier>{99349809-55BA-4b9d-BF79-8FDBB0286EB3}</UniqueIdentifier>
      <Extensions>ui</Extensions>
    </Filter>
    <Filter Include="Translation Files">
      <UniqueIdentifier>{639EADAA-A684-42e4-A9AD-28FC9BCB8F7C}</UniqueIdentifier>
      <Extensions>ts</Extensions>
      <ParseFiles>false</ParseFiles>
    </Filter>
    <Filter Include="API\Windows\Monitors">
      <UniqueIdentifier>{1f73c8d8-9f81-409c-adbe-bec566d7a2bc}</UniqueIdentifier>
    </Filter>
    <Filter Include="API\Monitors">
      <UniqueIdentifier>{74c948b0-3d3a-4256-9035-eccf45401174}</UniqueIdentifier>
    </Filter>
    <Filter Include="TaskExplorer\SystemInfo\KernelInfo">
      <UniqueIdentifier>{e7b5f9f5-6348-4501-af57-cba7740d091d}</UniqueIdentifier>
    </Filter>
    <Filter Include="API\Windows\Monitors\Etw">
      <UniqueIdentifier>{1c4c7a65-beb5-40d2-90ad-cb9c50fb562c}</UniqueIdentifier>
    </Filter>
    <Filter Include="API\Windows\Monitors\Etw\krabs">
      <UniqueIdentifier>{0b952ebb-9b5c-4aae-949d-5cd605279462}</UniqueIdentifier>
    </Filter>
    <Filter Include="API\Windows\Monitors\Etw\krabs\filtering">
      <UniqueIdentifier>{50af5051-6b8e-4ed2-926c-0b57d7e362ce}</UniqueIdentifier>
    </Filter>
    <Filter Include="API\Windows\WinHelpers">
      <UniqueIdentifier>{3c45ec8c-8f01-4144-b235-3d8ef72624a1}</UniqueIdentifier>
    </Filter>
    <Filter Include="API\Windows\WinHelpers\InjectDll">
      <UniqueIdentifier>{99af3be8-d19a-4e8e-a574-639195d5250d}</UniqueIdentifier>
    </Filter>
    <Filter Include="TaskExplorer\Filters">
      <UniqueIdentifier>{d048a725-d5a4-4ff2-84a2-f9f8da01c68b}</UniqueIdentifier>
    </Filter>
    <Filter Include="API\Windows\Monitors\d3dkmt">
      <UniqueIdentifier>{0dff98b8-f098-42cc-9ce2-ed62f2caa31c}</UniqueIdentifier>
    </Filter>
  </ItemGroup>
  <ItemGroup>
    <ClCompile Include="stdafx.cpp">
      <Filter>Source Files</Filter>
    </ClCompile>
    <ClCompile Include="API\SystemAPI.cpp">
      <Filter>API</Filter>
    </ClCompile>
    <ClCompile Include="GUI\GraphBar.cpp">
      <Filter>TaskExplorer</Filter>
    </ClCompile>
    <ClCompile Include="GUI\TaskExplorer.cpp">
      <Filter>TaskExplorer</Filter>
    </ClCompile>
    <ClCompile Include="GUI\SystemInfo\ServicesView.cpp">
      <Filter>TaskExplorer\SystemInfo</Filter>
    </ClCompile>
    <ClCompile Include="GUI\SystemInfo\SystemInfoView.cpp">
      <Filter>TaskExplorer\SystemInfo</Filter>
    </ClCompile>
    <ClCompile Include="GUI\TaskInfo\EnvironmentView.cpp">
      <Filter>TaskExplorer\TaskInfo</Filter>
    </ClCompile>
    <ClCompile Include="GUI\TaskInfo\MemoryView.cpp">
      <Filter>TaskExplorer\TaskInfo</Filter>
    </ClCompile>
    <ClCompile Include="GUI\TaskInfo\ModulesView.cpp">
      <Filter>TaskExplorer\TaskInfo</Filter>
    </ClCompile>
    <ClCompile Include="GUI\TaskInfo\SocketsView.cpp">
      <Filter>TaskExplorer\TaskInfo</Filter>
    </ClCompile>
    <ClCompile Include="GUI\TaskInfo\TaskInfoView.cpp">
      <Filter>TaskExplorer\TaskInfo</Filter>
    </ClCompile>
    <ClCompile Include="GUI\TaskInfo\ThreadsView.cpp">
      <Filter>TaskExplorer\TaskInfo</Filter>
    </ClCompile>
    <ClCompile Include="GUI\TaskInfo\WindowsView.cpp">
      <Filter>TaskExplorer\TaskInfo</Filter>
    </ClCompile>
    <ClCompile Include="API\Windows\WindowsAPI.cpp">
      <Filter>API\Windows</Filter>
    </ClCompile>
    <ClCompile Include="API\Windows\ProcessHacker.cpp">
      <Filter>API\Windows</Filter>
    </ClCompile>
    <ClCompile Include="API\Windows\WinProcess.cpp">
      <Filter>API\Windows</Filter>
    </ClCompile>
    <ClCompile Include="API\SocketInfo.cpp">
      <Filter>API</Filter>
    </ClCompile>
    <ClCompile Include="API\Windows\WinSocket.cpp">
      <Filter>API\Windows</Filter>
    </ClCompile>
    <ClCompile Include="GUI\Models\ProcessModel.cpp">
      <Filter>TaskExplorer\Models</Filter>
    </ClCompile>
    <ClCompile Include="GUI\Models\SocketModel.cpp">
      <Filter>TaskExplorer\Models</Filter>
    </ClCompile>
    <ClCompile Include="API\ProcessInfo.cpp">
      <Filter>API</Filter>
    </ClCompile>
    <ClCompile Include="GUI\Models\HandleModel.cpp">
      <Filter>TaskExplorer\Models</Filter>
    </ClCompile>
    <ClCompile Include="API\HandleInfo.cpp">
      <Filter>API</Filter>
    </ClCompile>
    <ClCompile Include="API\Windows\WinHandle.cpp">
      <Filter>API\Windows</Filter>
    </ClCompile>
    <ClCompile Include="API\Windows\WinThread.cpp">
      <Filter>API\Windows</Filter>
    </ClCompile>
    <ClCompile Include="GUI\Models\ThreadModel.cpp">
      <Filter>TaskExplorer\Models</Filter>
    </ClCompile>
    <ClCompile Include="API\StackTrace.cpp">
      <Filter>API</Filter>
    </ClCompile>
    <ClCompile Include="API\Windows\WinService.cpp">
      <Filter>API\Windows</Filter>
    </ClCompile>
    <ClCompile Include="API\ServiceInfo.cpp">
      <Filter>API</Filter>
    </ClCompile>
    <ClCompile Include="GUI\Models\ServiceModel.cpp">
      <Filter>TaskExplorer\Models</Filter>
    </ClCompile>
    <ClCompile Include="API\ThreadInfo.cpp">
      <Filter>API</Filter>
    </ClCompile>
    <ClCompile Include="GUI\Models\ModuleModel.cpp">
      <Filter>TaskExplorer\Models</Filter>
    </ClCompile>
    <ClCompile Include="API\ModuleInfo.cpp">
      <Filter>API</Filter>
    </ClCompile>
    <ClCompile Include="API\Windows\WinModule.cpp">
      <Filter>API\Windows</Filter>
    </ClCompile>
    <ClCompile Include="API\WndInfo.cpp">
      <Filter>API</Filter>
    </ClCompile>
    <ClCompile Include="API\Windows\WinWnd.cpp">
      <Filter>API\Windows</Filter>
    </ClCompile>
    <ClCompile Include="Common\IncrementalPlot.cpp">
      <Filter>Common</Filter>
    </ClCompile>
    <ClCompile Include="GUI\Models\WindowModel.cpp">
      <Filter>TaskExplorer\Models</Filter>
    </ClCompile>
    <ClCompile Include="GUI\TaskInfo\StackView.cpp">
      <Filter>TaskExplorer\TaskInfo</Filter>
    </ClCompile>
    <ClCompile Include="GUI\TaskView.cpp">
      <Filter>TaskExplorer</Filter>
    </ClCompile>
    <ClCompile Include="GUI\TaskInfo\TaskInfoWindow.cpp">
      <Filter>TaskExplorer\TaskInfo</Filter>
    </ClCompile>
    <ClCompile Include="GUI\TaskInfo\JobView.cpp">
      <Filter>TaskExplorer\TaskInfo</Filter>
    </ClCompile>
    <ClCompile Include="GUI\TaskInfo\ProcessView.cpp">
      <Filter>TaskExplorer\TaskInfo</Filter>
    </ClCompile>
    <ClCompile Include="GUI\SystemInfo\SystemView.cpp">
      <Filter>TaskExplorer\SystemInfo</Filter>
    </ClCompile>
    <ClCompile Include="GUI\StatsView.cpp">
      <Filter>TaskExplorer</Filter>
    </ClCompile>
    <ClCompile Include="API\Windows\WinJob.cpp">
      <Filter>API\Windows</Filter>
    </ClCompile>
    <ClCompile Include="GUI\ProcessPicker.cpp">
      <Filter>TaskExplorer</Filter>
    </ClCompile>
    <ClCompile Include="API\AbstractTask.cpp">
      <Filter>API</Filter>
    </ClCompile>
    <ClCompile Include="API\AbstractInfo.cpp">
      <Filter>API</Filter>
    </ClCompile>
    <ClCompile Include="API\DriverInfo.cpp">
      <Filter>API</Filter>
    </ClCompile>
    <ClCompile Include="API\Windows\WinDriver.cpp">
      <Filter>API\Windows</Filter>
    </ClCompile>
    <ClCompile Include="GUI\Models\DriverModel.cpp">
      <Filter>TaskExplorer\Models</Filter>
    </ClCompile>
    <ClCompile Include="GUI\NewService.cpp">
      <Filter>TaskExplorer</Filter>
    </ClCompile>
    <ClCompile Include="GUI\SystemInfo\WinSvcWindow.cpp">
      <Filter>TaskExplorer\SystemInfo</Filter>
    </ClCompile>
    <ClCompile Include="GUI\AffinityDialog.cpp">
      <Filter>TaskExplorer</Filter>
    </ClCompile>
    <ClCompile Include="GUI\ProcessTree.cpp">
      <Filter>TaskExplorer</Filter>
    </ClCompile>
    <ClCompile Include="main.cpp">
      <Filter>Source Files</Filter>
    </ClCompile>
    <ClCompile Include="SVC\TaskService.cpp">
      <Filter>SVC</Filter>
    </ClCompile>
    <ClCompile Include="API\Windows\ProcessHacker\RunAs.cpp">
      <Filter>API\Windows\ProcessHacker</Filter>
    </ClCompile>
    <ClCompile Include="API\Windows\RunAsTI.cpp">
      <Filter>API\Windows</Filter>
    </ClCompile>
    <ClCompile Include="GUI\RunAsDialog.cpp">
      <Filter>TaskExplorer</Filter>
    </ClCompile>
    <ClCompile Include="GUI\SystemInfo\WinSvcTrigger.cpp">
      <Filter>TaskExplorer\SystemInfo</Filter>
    </ClCompile>
    <ClCompile Include="API\Windows\ProcessHacker\PhSvc.cpp">
      <Filter>API\Windows\ProcessHacker</Filter>
    </ClCompile>
    <ClCompile Include="GUI\SystemInfo\WinSvcShutdown.cpp">
      <Filter>TaskExplorer\SystemInfo</Filter>
    </ClCompile>
    <ClCompile Include="GUI\SystemInfo\ServiceListWidget.cpp">
      <Filter>TaskExplorer\SystemInfo</Filter>
    </ClCompile>
    <ClCompile Include="API\Windows\ProcessHacker\ProcMtgn.cpp">
      <Filter>API\Windows\ProcessHacker</Filter>
    </ClCompile>
    <ClCompile Include="API\Windows\WinAdmin.cpp">
      <Filter>API\Windows</Filter>
    </ClCompile>
    <ClCompile Include="API\MemDumper.cpp">
      <Filter>API</Filter>
    </ClCompile>
    <ClCompile Include="API\Windows\WinDumper.cpp">
      <Filter>API\Windows</Filter>
    </ClCompile>
    <ClCompile Include="GUI\Models\MemoryModel.cpp">
      <Filter>TaskExplorer\Models</Filter>
    </ClCompile>
    <ClCompile Include="API\MemoryInfo.cpp">
      <Filter>API</Filter>
    </ClCompile>
    <ClCompile Include="API\Windows\WinMemory.cpp">
      <Filter>API\Windows</Filter>
    </ClCompile>
    <ClCompile Include="API\Windows\ProcessHacker\memprv.cpp">
      <Filter>API\Windows\ProcessHacker</Filter>
    </ClCompile>
    <ClCompile Include="API\Windows\WinMemIO.cpp">
      <Filter>API\Windows</Filter>
    </ClCompile>
    <ClCompile Include="GUI\MemoryEditor.cpp">
      <Filter>TaskExplorer</Filter>
    </ClCompile>
    <ClCompile Include="GUI\TaskInfo\TokenView.cpp">
      <Filter>TaskExplorer\TaskInfo</Filter>
    </ClCompile>
    <ClCompile Include="API\Windows\WinToken.cpp">
      <Filter>API\Windows</Filter>
    </ClCompile>
    <ClCompile Include="GUI\SettingsWindow.cpp">
      <Filter>TaskExplorer</Filter>
    </ClCompile>
    <ClCompile Include="GUI\Search\HandleSearch.cpp">
      <Filter>TaskExplorer\Search</Filter>
    </ClCompile>
    <ClCompile Include="API\Finders\AbstractFinder.cpp">
      <Filter>API\Finders</Filter>
    </ClCompile>
    <ClCompile Include="API\Windows\Finders\WinHandleFinder.cpp">
      <Filter>API\Windows\Finders</Filter>
    </ClCompile>
    <ClCompile Include="API\Windows\Finders\WinModuleFinder.cpp">
      <Filter>API\Windows\Finders</Filter>
    </ClCompile>
    <ClCompile Include="GUI\Search\ModuleSearch.cpp">
      <Filter>TaskExplorer\Search</Filter>
    </ClCompile>
    <ClCompile Include="GUI\Search\MemorySearch.cpp">
      <Filter>TaskExplorer\Search</Filter>
    </ClCompile>
    <ClCompile Include="GUI\Models\StringModel.cpp">
      <Filter>TaskExplorer\Models</Filter>
    </ClCompile>
    <ClCompile Include="GUI\Search\StringView.cpp">
      <Filter>TaskExplorer\Search</Filter>
    </ClCompile>
    <ClCompile Include="API\Windows\Finders\WinStringFinder.cpp">
      <Filter>API\Windows\Finders</Filter>
    </ClCompile>
    <ClCompile Include="GUI\Search\SearchWindow.cpp">
      <Filter>TaskExplorer\Search</Filter>
    </ClCompile>
    <ClCompile Include="GUI\SystemInfo\SystemInfoWindow.cpp">
      <Filter>TaskExplorer\SystemInfo</Filter>
    </ClCompile>
    <ClCompile Include="API\Windows\ProcessHacker\clrsup.c">
      <Filter>API\Windows\ProcessHacker</Filter>
    </ClCompile>
    <ClCompile Include="GUI\TaskInfo\DotNetView.cpp">
      <Filter>TaskExplorer\TaskInfo</Filter>
    </ClCompile>
    <ClCompile Include="API\Windows\ProcessHacker\AssemblyEnum.cpp">
      <Filter>API\Windows\ProcessHacker</Filter>
    </ClCompile>
    <ClCompile Include="API\AssemblyList.cpp">
      <Filter>API</Filter>
    </ClCompile>
    <ClCompile Include="API\Windows\ProcessHacker\DotNet.cpp">
      <Filter>API\Windows\ProcessHacker</Filter>
    </ClCompile>
    <ClCompile Include="API\Windows\ProcessHacker\ndis.cpp">
      <Filter>API\Windows\ProcessHacker</Filter>
    </ClCompile>
    <ClCompile Include="API\Windows\ProcessHacker\storage.cpp">
      <Filter>API\Windows\ProcessHacker</Filter>
    </ClCompile>
    <ClCompile Include="GUI\TaskInfo\GDIView.cpp">
      <Filter>TaskExplorer\TaskInfo</Filter>
    </ClCompile>
    <ClCompile Include="API\Windows\WinGDI.cpp">
      <Filter>API\Windows</Filter>
    </ClCompile>
    <ClCompile Include="GUI\Models\GDIModel.cpp">
      <Filter>TaskExplorer\Models</Filter>
    </ClCompile>
    <ClCompile Include="GUI\SystemInfo\CPUView.cpp">
      <Filter>TaskExplorer\SystemInfo</Filter>
    </ClCompile>
    <ClCompile Include="GUI\SystemInfo\DiskView.cpp">
      <Filter>TaskExplorer\SystemInfo</Filter>
    </ClCompile>
    <ClCompile Include="GUI\SystemInfo\GPUView.cpp">
      <Filter>TaskExplorer\SystemInfo</Filter>
    </ClCompile>
    <ClCompile Include="GUI\SystemInfo\NetworkView.cpp">
      <Filter>TaskExplorer\SystemInfo</Filter>
    </ClCompile>
    <ClCompile Include="GUI\SystemInfo\RAMView.cpp">
      <Filter>TaskExplorer\SystemInfo</Filter>
    </ClCompile>
    <ClCompile Include="API\Windows\SymbolProvider.cpp">
      <Filter>API\Windows</Filter>
    </ClCompile>
    <ClCompile Include="API\Windows\Monitors\WinDiskMonitor.cpp">
      <Filter>API\Windows\Monitors</Filter>
    </ClCompile>
    <ClCompile Include="API\Windows\Monitors\WinGpuMonitor.cpp">
      <Filter>API\Windows\Monitors</Filter>
    </ClCompile>
    <ClCompile Include="API\Windows\Monitors\WinNetMonitor.cpp">
      <Filter>API\Windows\Monitors</Filter>
    </ClCompile>
    <ClCompile Include="API\Monitors\DiskMonitor.cpp">
      <Filter>API\Monitors</Filter>
    </ClCompile>
    <ClCompile Include="API\Monitors\GpuMonitor.cpp">
      <Filter>API\Monitors</Filter>
    </ClCompile>
    <ClCompile Include="API\Monitors\NetMonitor.cpp">
      <Filter>API\Monitors</Filter>
    </ClCompile>
    <ClCompile Include="API\Windows\SidResolver.cpp">
      <Filter>API\Windows</Filter>
    </ClCompile>
    <ClCompile Include="API\Windows\DnsResolver.cpp">
      <Filter>API\Windows</Filter>
    </ClCompile>
    <ClCompile Include="API\DnsEntry.cpp">
      <Filter>API</Filter>
    </ClCompile>
    <ClCompile Include="GUI\Models\DnsModel.cpp">
      <Filter>TaskExplorer\Models</Filter>
    </ClCompile>
    <ClCompile Include="GUI\SystemInfo\DnsCacheView.cpp">
      <Filter>TaskExplorer\SystemInfo</Filter>
    </ClCompile>
    <ClCompile Include="API\Windows\ProcessHacker\fw.cpp">
      <Filter>API\Windows\ProcessHacker</Filter>
    </ClCompile>
    <ClCompile Include="API\Windows\Monitors\FwEventMonitor.cpp">
      <Filter>API\Windows\Monitors</Filter>
    </ClCompile>
    <ClCompile Include="GUI\Models\PoolModel.cpp">
      <Filter>TaskExplorer\Models</Filter>
    </ClCompile>
    <ClCompile Include="API\Windows\WinPoolEntry.cpp">
      <Filter>API\Windows</Filter>
    </ClCompile>
    <ClCompile Include="API\Windows\ProcessHacker\db.cpp">
      <Filter>API\Windows\ProcessHacker</Filter>
    </ClCompile>
    <ClCompile Include="API\Windows\ProcessHacker\pool.cpp">
      <Filter>API\Windows\ProcessHacker</Filter>
    </ClCompile>
    <ClCompile Include="GUI\Models\NtObjectModel.cpp">
      <Filter>TaskExplorer\Models</Filter>
    </ClCompile>
    <ClCompile Include="GUI\SystemInfo\KernelInfo\AtomView.cpp">
      <Filter>TaskExplorer\SystemInfo\KernelInfo</Filter>
    </ClCompile>
    <ClCompile Include="GUI\SystemInfo\KernelInfo\DriversView.cpp">
      <Filter>TaskExplorer\SystemInfo\KernelInfo</Filter>
    </ClCompile>
    <ClCompile Include="GUI\SystemInfo\KernelInfo\NtObjectView.cpp">
      <Filter>TaskExplorer\SystemInfo\KernelInfo</Filter>
    </ClCompile>
    <ClCompile Include="GUI\SystemInfo\KernelInfo\PoolView.cpp">
      <Filter>TaskExplorer\SystemInfo\KernelInfo</Filter>
    </ClCompile>
    <ClCompile Include="GUI\SecurityExplorer.cpp">
      <Filter>TaskExplorer</Filter>
    </ClCompile>
    <ClCompile Include="GUI\SystemInfo\KernelInfo\RunObjView.cpp">
      <Filter>TaskExplorer\SystemInfo\KernelInfo</Filter>
    </ClCompile>
    <ClCompile Include="GUI\WsWatchDialog.cpp">
      <Filter>TaskExplorer</Filter>
    </ClCompile>
    <ClCompile Include="GUI\WaitChainDialog.cpp">
      <Filter>TaskExplorer</Filter>
    </ClCompile>
    <ClCompile Include="API\Windows\ProcessHacker\appsup.cpp">
      <Filter>API\Windows\ProcessHacker</Filter>
    </ClCompile>
    <ClCompile Include="API\Windows\ProcessHacker\syssccpu.cpp">
      <Filter>API\Windows\ProcessHacker</Filter>
    </ClCompile>
    <ClCompile Include="GUI\DriverWindow.cpp">
      <Filter>TaskExplorer</Filter>
    </ClCompile>
    <ClCompile Include="GUI\MultiErrorDialog.cpp">
      <Filter>TaskExplorer</Filter>
    </ClCompile>
    <ClCompile Include="API\Windows\Monitors\Etw\krabs.cpp">
      <Filter>API\Windows\Monitors\Etw</Filter>
    </ClCompile>
    <ClCompile Include="API\Windows\Monitors\EtwEventMonitor.cpp">
      <Filter>API\Windows\Monitors</Filter>
    </ClCompile>
    <ClCompile Include="GUI\TaskInfo\HandlesView.cpp">
      <Filter>TaskExplorer\TaskInfo</Filter>
    </ClCompile>
    <ClCompile Include="API\Windows\WindowsHelpers.cpp">
      <Filter>API\Windows</Filter>
    </ClCompile>
    <ClCompile Include="API\Windows\SandboxieAPI.cpp">
      <Filter>API\Windows</Filter>
    </ClCompile>
    <ClCompile Include="GUI\PersistenceConfig.cpp">
      <Filter>TaskExplorer</Filter>
    </ClCompile>
    <ClCompile Include="API\PersistentPreset.cpp">
      <Filter>API</Filter>
    </ClCompile>
    <ClCompile Include="API\Windows\ProcessHacker\GpuCounters.c">
      <Filter>API\Windows\ProcessHacker</Filter>
    </ClCompile>
    <ClCompile Include="API\Windows\Monitors\WinDbgMonitor.cpp">
      <Filter>API\Windows\Monitors</Filter>
    </ClCompile>
    <ClCompile Include="GUI\TaskInfo\DebugView.cpp">
      <Filter>TaskExplorer\TaskInfo</Filter>
    </ClCompile>
    <ClCompile Include="GUI\RunDialog.cpp">
      <Filter>TaskExplorer</Filter>
    </ClCompile>
    <ClCompile Include="API\Windows\WinHelpers\InjectDll\injdll32.c">
      <Filter>API\Windows\WinHelpers\InjectDll</Filter>
    </ClCompile>
    <ClCompile Include="API\Windows\WinHelpers\InjectDll\injdll32_32.c">
      <Filter>API\Windows\WinHelpers\InjectDll</Filter>
    </ClCompile>
    <ClCompile Include="API\Windows\WinHelpers\InjectDll\injdll32_64.c">
      <Filter>API\Windows\WinHelpers\InjectDll</Filter>
    </ClCompile>
    <ClCompile Include="API\Windows\WinHelpers\InjectDll\injdll64.c">
      <Filter>API\Windows\WinHelpers\InjectDll</Filter>
    </ClCompile>
    <ClCompile Include="GUI\Filters\ProcessFilterModel.cpp">
      <Filter>TaskExplorer\Filters</Filter>
    </ClCompile>
    <ClCompile Include="API\Windows\Monitors\EventMonitor.cpp">
      <Filter>API\Windows\Monitors</Filter>
    </ClCompile>
    <ClCompile Include="API\Windows\Monitors\FirewallMonitor.cpp">
      <Filter>API\Windows\Monitors</Filter>
    </ClCompile>
    <ClCompile Include="GUI\TaskInfo\SbieView.cpp">
      <Filter>TaskExplorer\TaskInfo</Filter>
    </ClCompile>
    <ClCompile Include="GUI\SystemInfo\RpcView.cpp">
      <Filter>TaskExplorer\SystemInfo</Filter>
    </ClCompile>
    <ClCompile Include="GUI\Models\RpcModel.cpp">
      <Filter>TaskExplorer\Models</Filter>
    </ClCompile>
    <ClCompile Include="API\Windows\RpcEndpoint.cpp">
      <Filter>API\Windows</Filter>
    </ClCompile>
    <ClCompile Include="API\Windows\ProcessHacker\DotNetCounters.c">
      <Filter>API\Windows\ProcessHacker</Filter>
    </ClCompile>
  </ItemGroup>
  <ItemGroup>
    <ClInclude Include="stdafx.h">
      <Filter>Header Files</Filter>
    </ClInclude>
    <ClInclude Include="API\Windows\ProcessHacker.h">
      <Filter>API\Windows</Filter>
    </ClInclude>
    <ClInclude Include="API\StackTrace.h">
      <Filter>API</Filter>
    </ClInclude>
    <ClInclude Include="GUI\ProcessPicker.h">
      <Filter>TaskExplorer</Filter>
    </ClInclude>
    <ClInclude Include="API\Windows\ProcessHacker\RunAs.h">
      <Filter>API\Windows\ProcessHacker</Filter>
    </ClInclude>
    <ClInclude Include="API\Windows\ProcessHacker\PhSvc.h">
      <Filter>API\Windows\ProcessHacker</Filter>
    </ClInclude>
    <ClInclude Include="API\Windows\ProcessHacker\ProcMtgn.h">
      <Filter>API\Windows\ProcessHacker</Filter>
    </ClInclude>
    <ClInclude Include="API\Windows\WinAdmin.h">
      <Filter>API\Windows</Filter>
    </ClInclude>
    <ClInclude Include="API\Windows\ProcessHacker\memprv.h">
      <Filter>API\Windows\ProcessHacker</Filter>
    </ClInclude>
    <ClInclude Include="GUI\CustomItemDelegate.h">
      <Filter>TaskExplorer</Filter>
    </ClInclude>
    <ClInclude Include="API\MiscStats.h">
      <Filter>API</Filter>
    </ClInclude>
    <ClInclude Include="API\Windows\ProcessHacker\clrsup.h">
      <Filter>API\Windows\ProcessHacker</Filter>
    </ClInclude>
    <ClInclude Include="API\Windows\ProcessHacker\clretw.h">
      <Filter>API\Windows\ProcessHacker</Filter>
    </ClInclude>
    <ClInclude Include="API\AssemblyList.h">
      <Filter>API</Filter>
    </ClInclude>
    <ClInclude Include="API\Windows\ProcessHacker\DotNet.h">
      <Filter>API\Windows\ProcessHacker</Filter>
    </ClInclude>
    <ClInclude Include="API\Windows\ProcessHacker\devices.h">
      <Filter>API\Windows\ProcessHacker</Filter>
    </ClInclude>
    <ClInclude Include="API\Windows\ProcessHacker\wf.h">
      <Filter>API\Windows\ProcessHacker</Filter>
    </ClInclude>
    <ClInclude Include="API\Windows\ProcessHacker\pooltable.h">
      <Filter>API\Windows\ProcessHacker</Filter>
    </ClInclude>
    <ClInclude Include="API\Windows\ProcessHacker\appsup.h">
      <Filter>API\Windows\ProcessHacker</Filter>
    </ClInclude>
    <ClInclude Include="API\Windows\ProcessHacker\syssccpu.h">
      <Filter>API\Windows\ProcessHacker</Filter>
    </ClInclude>
    <ClInclude Include="API\Windows\Monitors\Etw\krabs\client.hpp">
      <Filter>API\Windows\Monitors\Etw\krabs</Filter>
    </ClInclude>
    <ClInclude Include="API\Windows\Monitors\Etw\krabs\collection_view.hpp">
      <Filter>API\Windows\Monitors\Etw\krabs</Filter>
    </ClInclude>
    <ClInclude Include="API\Windows\Monitors\Etw\krabs\compiler_check.hpp">
      <Filter>API\Windows\Monitors\Etw\krabs</Filter>
    </ClInclude>
    <ClInclude Include="API\Windows\Monitors\Etw\krabs\errors.hpp">
      <Filter>API\Windows\Monitors\Etw\krabs</Filter>
    </ClInclude>
    <ClInclude Include="API\Windows\Monitors\Etw\krabs\guid.hpp">
      <Filter>API\Windows\Monitors\Etw\krabs</Filter>
    </ClInclude>
    <ClInclude Include="API\Windows\Monitors\Etw\krabs\kernel_guids.hpp">
      <Filter>API\Windows\Monitors\Etw\krabs</Filter>
    </ClInclude>
    <ClInclude Include="API\Windows\Monitors\Etw\krabs\kernel_providers.hpp">
      <Filter>API\Windows\Monitors\Etw\krabs</Filter>
    </ClInclude>
    <ClInclude Include="API\Windows\Monitors\Etw\krabs\kt.hpp">
      <Filter>API\Windows\Monitors\Etw\krabs</Filter>
    </ClInclude>
    <ClInclude Include="API\Windows\Monitors\Etw\krabs\lock.hpp">
      <Filter>API\Windows\Monitors\Etw\krabs</Filter>
    </ClInclude>
    <ClInclude Include="API\Windows\Monitors\Etw\krabs\nightmare.hpp">
      <Filter>API\Windows\Monitors\Etw\krabs</Filter>
    </ClInclude>
    <ClInclude Include="API\Windows\Monitors\Etw\krabs\parse_types.hpp">
      <Filter>API\Windows\Monitors\Etw\krabs</Filter>
    </ClInclude>
    <ClInclude Include="API\Windows\Monitors\Etw\krabs\parser.hpp">
      <Filter>API\Windows\Monitors\Etw\krabs</Filter>
    </ClInclude>
    <ClInclude Include="API\Windows\Monitors\Etw\krabs\property.hpp">
      <Filter>API\Windows\Monitors\Etw\krabs</Filter>
    </ClInclude>
    <ClInclude Include="API\Windows\Monitors\Etw\krabs\provider.hpp">
      <Filter>API\Windows\Monitors\Etw\krabs</Filter>
    </ClInclude>
    <ClInclude Include="API\Windows\Monitors\Etw\krabs\schema.hpp">
      <Filter>API\Windows\Monitors\Etw\krabs</Filter>
    </ClInclude>
    <ClInclude Include="API\Windows\Monitors\Etw\krabs\schema_locator.hpp">
      <Filter>API\Windows\Monitors\Etw\krabs</Filter>
    </ClInclude>
    <ClInclude Include="API\Windows\Monitors\Etw\krabs\size_provider.hpp">
      <Filter>API\Windows\Monitors\Etw\krabs</Filter>
    </ClInclude>
    <ClInclude Include="API\Windows\Monitors\Etw\krabs\tdh_helpers.hpp">
      <Filter>API\Windows\Monitors\Etw\krabs</Filter>
    </ClInclude>
    <ClInclude Include="API\Windows\Monitors\Etw\krabs\trace.hpp">
      <Filter>API\Windows\Monitors\Etw\krabs</Filter>
    </ClInclude>
    <ClInclude Include="API\Windows\Monitors\Etw\krabs\ut.hpp">
      <Filter>API\Windows\Monitors\Etw\krabs</Filter>
    </ClInclude>
    <ClInclude Include="API\Windows\Monitors\Etw\krabs\version_helpers.hpp">
      <Filter>API\Windows\Monitors\Etw\krabs</Filter>
    </ClInclude>
    <ClInclude Include="API\Windows\Monitors\Etw\krabs\filtering\comparers.hpp">
      <Filter>API\Windows\Monitors\Etw\krabs\filtering</Filter>
    </ClInclude>
    <ClInclude Include="API\Windows\Monitors\Etw\krabs\filtering\event_filter.hpp">
      <Filter>API\Windows\Monitors\Etw\krabs\filtering</Filter>
    </ClInclude>
    <ClInclude Include="API\Windows\Monitors\Etw\krabs\filtering\predicates.hpp">
      <Filter>API\Windows\Monitors\Etw\krabs\filtering</Filter>
    </ClInclude>
    <ClInclude Include="API\Windows\Monitors\Etw\krabs\filtering\view_adapters.hpp">
      <Filter>API\Windows\Monitors\Etw\krabs\filtering</Filter>
    </ClInclude>
    <ClInclude Include="API\Windows\Monitors\Etw\krabs.hpp">
      <Filter>API\Windows\Monitors\Etw</Filter>
    </ClInclude>
    <ClInclude Include="Resources\resource.h">
      <Filter>Resource Files</Filter>
    </ClInclude>
    <ClInclude Include="API\Windows\ProcessHacker\GpuCounters.h">
      <Filter>API\Windows\ProcessHacker</Filter>
    </ClInclude>
    <ClInclude Include="API\Windows\WinHelpers\InjectDll\injdll.h">
      <Filter>API\Windows\WinHelpers\InjectDll</Filter>
    </ClInclude>
    <ClInclude Include="GUI\Filters\ProcessFilterModel.h">
      <Filter>TaskExplorer\Filters</Filter>
    </ClInclude>
    <ClInclude Include="API\Windows\Monitors\d3dkmt\d3dkmdt.h">
      <Filter>API\Windows\Monitors\d3dkmt</Filter>
    </ClInclude>
    <ClInclude Include="API\Windows\Monitors\d3dkmt\d3dkmthk.h">
      <Filter>API\Windows\Monitors\d3dkmt</Filter>
    </ClInclude>
    <ClInclude Include="API\Windows\Monitors\d3dkmt\d3dukmdt.h">
      <Filter>API\Windows\Monitors\d3dkmt</Filter>
    </ClInclude>
  </ItemGroup>
  <ItemGroup>
    <QtMoc Include="API\SystemAPI.h">
      <Filter>API</Filter>
    </QtMoc>
    <QtMoc Include="GUI\GraphBar.h">
      <Filter>TaskExplorer</Filter>
    </QtMoc>
    <QtMoc Include="GUI\ProcessTree.h">
      <Filter>TaskExplorer</Filter>
    </QtMoc>
    <QtMoc Include="GUI\TaskExplorer.h">
      <Filter>TaskExplorer</Filter>
    </QtMoc>
    <QtMoc Include="GUI\SystemInfo\SystemInfoView.h">
      <Filter>TaskExplorer\SystemInfo</Filter>
    </QtMoc>
    <QtMoc Include="GUI\TaskInfo\EnvironmentView.h">
      <Filter>TaskExplorer\TaskInfo</Filter>
    </QtMoc>
    <QtMoc Include="GUI\TaskInfo\HandlesView.h">
      <Filter>TaskExplorer\TaskInfo</Filter>
    </QtMoc>
    <QtMoc Include="GUI\TaskInfo\MemoryView.h">
      <Filter>TaskExplorer\TaskInfo</Filter>
    </QtMoc>
    <QtMoc Include="GUI\TaskInfo\ModulesView.h">
      <Filter>TaskExplorer\TaskInfo</Filter>
    </QtMoc>
    <QtMoc Include="GUI\TaskInfo\SocketsView.h">
      <Filter>TaskExplorer\TaskInfo</Filter>
    </QtMoc>
    <QtMoc Include="GUI\TaskInfo\TaskInfoView.h">
      <Filter>TaskExplorer\TaskInfo</Filter>
    </QtMoc>
    <QtMoc Include="GUI\TaskInfo\ThreadsView.h">
      <Filter>TaskExplorer\TaskInfo</Filter>
    </QtMoc>
    <QtMoc Include="GUI\TaskInfo\WindowsView.h">
      <Filter>TaskExplorer\TaskInfo</Filter>
    </QtMoc>
    <QtMoc Include="API\Windows\WindowsAPI.h">
      <Filter>API\Windows</Filter>
    </QtMoc>
    <QtMoc Include="API\Windows\WinProcess.h">
      <Filter>API\Windows</Filter>
    </QtMoc>
    <QtMoc Include="API\SocketInfo.h">
      <Filter>API</Filter>
    </QtMoc>
    <QtMoc Include="API\Windows\WinSocket.h">
      <Filter>API\Windows</Filter>
    </QtMoc>
    <QtMoc Include="GUI\Models\ProcessModel.h">
      <Filter>TaskExplorer\Models</Filter>
    </QtMoc>
    <QtMoc Include="GUI\Models\SocketModel.h">
      <Filter>TaskExplorer\Models</Filter>
    </QtMoc>
    <QtMoc Include="API\ProcessInfo.h">
      <Filter>API</Filter>
    </QtMoc>
    <QtMoc Include="GUI\Models\HandleModel.h">
      <Filter>TaskExplorer\Models</Filter>
    </QtMoc>
    <QtMoc Include="API\HandleInfo.h">
      <Filter>API</Filter>
    </QtMoc>
    <QtMoc Include="API\Windows\WinHandle.h">
      <Filter>API\Windows</Filter>
    </QtMoc>
    <QtMoc Include="API\Windows\WinThread.h">
      <Filter>API\Windows</Filter>
    </QtMoc>
    <QtMoc Include="API\ThreadInfo.h">
      <Filter>API</Filter>
    </QtMoc>
    <QtMoc Include="GUI\Models\ThreadModel.h">
      <Filter>TaskExplorer\Models</Filter>
    </QtMoc>
    <QtMoc Include="API\Windows\WinService.h">
      <Filter>API\Windows</Filter>
    </QtMoc>
    <QtMoc Include="API\ServiceInfo.h">
      <Filter>API</Filter>
    </QtMoc>
    <QtMoc Include="GUI\Models\ServiceModel.h">
      <Filter>TaskExplorer\Models</Filter>
    </QtMoc>
    <QtMoc Include="GUI\SystemInfo\ServicesView.h">
      <Filter>TaskExplorer\SystemInfo</Filter>
    </QtMoc>
    <QtMoc Include="GUI\Models\ModuleModel.h">
      <Filter>TaskExplorer\Models</Filter>
    </QtMoc>
    <QtMoc Include="API\ModuleInfo.h">
      <Filter>API</Filter>
    </QtMoc>
    <QtMoc Include="API\Windows\WinModule.h">
      <Filter>API\Windows</Filter>
    </QtMoc>
    <QtMoc Include="API\WndInfo.h">
      <Filter>API</Filter>
    </QtMoc>
    <QtMoc Include="API\Windows\WinWnd.h">
      <Filter>API\Windows</Filter>
    </QtMoc>
    <QtMoc Include="Common\IncrementalPlot.h">
      <Filter>Common</Filter>
    </QtMoc>
    <QtMoc Include="GUI\Models\WindowModel.h">
      <Filter>TaskExplorer\Models</Filter>
    </QtMoc>
    <QtMoc Include="GUI\TaskInfo\StackView.h">
      <Filter>TaskExplorer\TaskInfo</Filter>
    </QtMoc>
    <QtMoc Include="API\AbstractTask.h">
      <Filter>API</Filter>
    </QtMoc>
    <QtMoc Include="GUI\TaskView.h">
      <Filter>TaskExplorer</Filter>
    </QtMoc>
    <QtMoc Include="GUI\TaskInfo\TaskInfoWindow.h">
      <Filter>TaskExplorer\TaskInfo</Filter>
    </QtMoc>
    <QtMoc Include="GUI\TaskInfo\JobView.h">
      <Filter>TaskExplorer\TaskInfo</Filter>
    </QtMoc>
    <QtMoc Include="GUI\TaskInfo\ProcessView.h">
      <Filter>TaskExplorer\TaskInfo</Filter>
    </QtMoc>
    <QtMoc Include="GUI\SystemInfo\SystemView.h">
      <Filter>TaskExplorer\SystemInfo</Filter>
    </QtMoc>
    <QtMoc Include="GUI\StatsView.h">
      <Filter>TaskExplorer</Filter>
    </QtMoc>
    <QtMoc Include="API\Windows\WinJob.h">
      <Filter>API\Windows</Filter>
    </QtMoc>
    <QtMoc Include="API\AbstractInfo.h">
      <Filter>API</Filter>
    </QtMoc>
    <QtMoc Include="API\DriverInfo.h">
      <Filter>API</Filter>
    </QtMoc>
    <QtMoc Include="API\Windows\WinDriver.h">
      <Filter>API\Windows</Filter>
    </QtMoc>
    <QtMoc Include="GUI\Models\DriverModel.h">
      <Filter>TaskExplorer\Models</Filter>
    </QtMoc>
    <QtMoc Include="GUI\NewService.h">
      <Filter>TaskExplorer</Filter>
    </QtMoc>
    <QtMoc Include="GUI\SystemInfo\WinSvcWindow.h">
      <Filter>TaskExplorer\SystemInfo</Filter>
    </QtMoc>
    <QtMoc Include="GUI\AffinityDialog.h">
      <Filter>TaskExplorer</Filter>
    </QtMoc>
    <QtMoc Include="SVC\TaskService.h">
      <Filter>SVC</Filter>
    </QtMoc>
    <QtMoc Include="GUI\RunAsDialog.h">
      <Filter>TaskExplorer</Filter>
    </QtMoc>
    <QtMoc Include="GUI\SystemInfo\WinSvcTrigger.h">
      <Filter>TaskExplorer\SystemInfo</Filter>
    </QtMoc>
    <QtMoc Include="GUI\SystemInfo\WinSvcShutdown.h">
      <Filter>TaskExplorer\SystemInfo</Filter>
    </QtMoc>
    <QtMoc Include="GUI\SystemInfo\ServiceListWidget.h">
      <Filter>TaskExplorer\SystemInfo</Filter>
    </QtMoc>
    <QtMoc Include="API\MemDumper.h">
      <Filter>API</Filter>
    </QtMoc>
    <QtMoc Include="API\Windows\WinDumper.h">
      <Filter>API\Windows</Filter>
    </QtMoc>
    <QtMoc Include="GUI\Models\MemoryModel.h">
      <Filter>TaskExplorer\Models</Filter>
    </QtMoc>
    <QtMoc Include="API\MemoryInfo.h">
      <Filter>API</Filter>
    </QtMoc>
    <QtMoc Include="API\Windows\WinMemory.h">
      <Filter>API\Windows</Filter>
    </QtMoc>
    <QtMoc Include="API\Windows\WinMemIO.h">
      <Filter>API\Windows</Filter>
    </QtMoc>
    <QtMoc Include="GUI\MemoryEditor.h">
      <Filter>TaskExplorer</Filter>
    </QtMoc>
    <QtMoc Include="GUI\TaskInfo\TokenView.h">
      <Filter>TaskExplorer\TaskInfo</Filter>
    </QtMoc>
    <QtMoc Include="API\Windows\WinToken.h">
      <Filter>API\Windows</Filter>
    </QtMoc>
    <QtMoc Include="GUI\SettingsWindow.h">
      <Filter>TaskExplorer</Filter>
    </QtMoc>
    <QtMoc Include="GUI\Search\HandleSearch.h">
      <Filter>TaskExplorer\Search</Filter>
    </QtMoc>
    <QtMoc Include="API\Finders\AbstractFinder.h">
      <Filter>API\Finders</Filter>
    </QtMoc>
    <QtMoc Include="API\Windows\Finders\WinHandleFinder.h">
      <Filter>API\Windows\Finders</Filter>
    </QtMoc>
    <QtMoc Include="API\Windows\Finders\WinModuleFinder.h">
      <Filter>API\Windows\Finders</Filter>
    </QtMoc>
    <QtMoc Include="GUI\Search\ModuleSearch.h">
      <Filter>TaskExplorer\Search</Filter>
    </QtMoc>
    <QtMoc Include="GUI\Search\MemorySearch.h">
      <Filter>TaskExplorer\Search</Filter>
    </QtMoc>
    <QtMoc Include="GUI\Models\StringModel.h">
      <Filter>TaskExplorer\Models</Filter>
    </QtMoc>
    <QtMoc Include="GUI\Search\StringView.h">
      <Filter>TaskExplorer\Search</Filter>
    </QtMoc>
    <QtMoc Include="API\Windows\Finders\WinStringFinder.h">
      <Filter>API\Windows\Finders</Filter>
    </QtMoc>
    <QtMoc Include="API\StringInfo.h">
      <Filter>API</Filter>
    </QtMoc>
    <QtMoc Include="GUI\Search\SearchWindow.h">
      <Filter>TaskExplorer\Search</Filter>
    </QtMoc>
    <QtMoc Include="GUI\SystemInfo\SystemInfoWindow.h">
      <Filter>TaskExplorer\SystemInfo</Filter>
    </QtMoc>
    <QtMoc Include="GUI\TaskInfo\DotNetView.h">
      <Filter>TaskExplorer\TaskInfo</Filter>
    </QtMoc>
    <QtMoc Include="API\Windows\ProcessHacker\AssemblyEnum.h">
      <Filter>API\Windows\ProcessHacker</Filter>
    </QtMoc>
    <QtMoc Include="GUI\TaskInfo\GDIView.h">
      <Filter>TaskExplorer\TaskInfo</Filter>
    </QtMoc>
    <QtMoc Include="API\Windows\WinGDI.h">
      <Filter>API\Windows</Filter>
    </QtMoc>
    <QtMoc Include="GUI\SystemInfo\RAMView.h">
      <Filter>TaskExplorer\SystemInfo</Filter>
    </QtMoc>
    <QtMoc Include="GUI\SystemInfo\CPUView.h">
      <Filter>TaskExplorer\SystemInfo</Filter>
    </QtMoc>
    <QtMoc Include="GUI\SystemInfo\DiskView.h">
      <Filter>TaskExplorer\SystemInfo</Filter>
    </QtMoc>
    <QtMoc Include="GUI\SystemInfo\GPUView.h">
      <Filter>TaskExplorer\SystemInfo</Filter>
    </QtMoc>
    <QtMoc Include="GUI\SystemInfo\NetworkView.h">
      <Filter>TaskExplorer\SystemInfo</Filter>
    </QtMoc>
    <QtMoc Include="API\Windows\SymbolProvider.h">
      <Filter>API\Windows</Filter>
    </QtMoc>
    <QtMoc Include="API\Windows\Monitors\WinDiskMonitor.h">
      <Filter>API\Windows\Monitors</Filter>
    </QtMoc>
    <QtMoc Include="API\Windows\Monitors\WinGpuMonitor.h">
      <Filter>API\Windows\Monitors</Filter>
    </QtMoc>
    <QtMoc Include="API\Windows\Monitors\WinNetMonitor.h">
      <Filter>API\Windows\Monitors</Filter>
    </QtMoc>
    <QtMoc Include="API\Monitors\DiskMonitor.h">
      <Filter>API\Monitors</Filter>
    </QtMoc>
    <QtMoc Include="API\Monitors\GpuMonitor.h">
      <Filter>API\Monitors</Filter>
    </QtMoc>
    <QtMoc Include="API\Monitors\NetMonitor.h">
      <Filter>API\Monitors</Filter>
    </QtMoc>
    <QtMoc Include="GUI\Models\GDIModel.h">
      <Filter>TaskExplorer\Models</Filter>
    </QtMoc>
    <QtMoc Include="API\Windows\SidResolver.h">
      <Filter>API\Windows</Filter>
    </QtMoc>
    <QtMoc Include="API\Windows\DnsResolver.h">
      <Filter>API\Windows</Filter>
    </QtMoc>
    <QtMoc Include="API\DnsEntry.h">
      <Filter>API</Filter>
    </QtMoc>
    <QtMoc Include="GUI\Models\DnsModel.h">
      <Filter>TaskExplorer\Models</Filter>
    </QtMoc>
    <QtMoc Include="GUI\SystemInfo\DnsCacheView.h">
      <Filter>TaskExplorer\SystemInfo</Filter>
    </QtMoc>
    <QtMoc Include="API\Windows\Monitors\FwEventMonitor.h">
      <Filter>API\Windows\Monitors</Filter>
    </QtMoc>
    <QtMoc Include="GUI\Models\PoolModel.h">
      <Filter>TaskExplorer\Models</Filter>
    </QtMoc>
    <QtMoc Include="API\Windows\WinPoolEntry.h">
      <Filter>API\Windows</Filter>
    </QtMoc>
    <QtMoc Include="GUI\Models\NtObjectModel.h">
      <Filter>TaskExplorer\Models</Filter>
    </QtMoc>
    <QtMoc Include="GUI\SystemInfo\KernelInfo\AtomView.h">
      <Filter>TaskExplorer\SystemInfo\KernelInfo</Filter>
    </QtMoc>
    <QtMoc Include="GUI\SystemInfo\KernelInfo\NtObjectView.h">
      <Filter>TaskExplorer\SystemInfo\KernelInfo</Filter>
    </QtMoc>
    <QtMoc Include="GUI\SystemInfo\KernelInfo\PoolView.h">
      <Filter>TaskExplorer\SystemInfo\KernelInfo</Filter>
    </QtMoc>
    <QtMoc Include="GUI\SystemInfo\KernelInfo\DriversView.h">
      <Filter>TaskExplorer\SystemInfo\KernelInfo</Filter>
    </QtMoc>
    <QtMoc Include="GUI\SecurityExplorer.h">
      <Filter>TaskExplorer</Filter>
    </QtMoc>
    <QtMoc Include="GUI\SystemInfo\KernelInfo\RunObjView.h">
      <Filter>TaskExplorer\SystemInfo\KernelInfo</Filter>
    </QtMoc>
    <QtMoc Include="GUI\WsWatchDialog.h">
      <Filter>TaskExplorer</Filter>
    </QtMoc>
    <QtMoc Include="GUI\WaitChainDialog.h">
      <Filter>TaskExplorer</Filter>
    </QtMoc>
    <QtMoc Include="GUI\DriverWindow.h">
      <Filter>TaskExplorer</Filter>
    </QtMoc>
    <QtMoc Include="GUI\MultiErrorDialog.h">
      <Filter>TaskExplorer</Filter>
    </QtMoc>
    <QtMoc Include="API\Windows\Monitors\EtwEventMonitor.h">
      <Filter>API\Windows\Monitors</Filter>
    </QtMoc>
    <QtMoc Include="API\Windows\SandboxieAPI.h">
      <Filter>API\Windows</Filter>
    </QtMoc>
    <QtMoc Include="GUI\PersistenceConfig.h">
      <Filter>TaskExplorer</Filter>
    </QtMoc>
    <QtMoc Include="API\PersistentPreset.h">
      <Filter>API</Filter>
    </QtMoc>
    <QtMoc Include="API\Windows\Monitors\WinDbgMonitor.h">
      <Filter>API\Windows\Monitors</Filter>
    </QtMoc>
    <QtMoc Include="GUI\TaskInfo\DebugView.h">
      <Filter>TaskExplorer\TaskInfo</Filter>
    </QtMoc>
    <QtMoc Include="GUI\RunDialog.h">
      <Filter>TaskExplorer</Filter>
    </QtMoc>
    <QtMoc Include="API\Windows\Monitors\EventMonitor.h">
      <Filter>API\Windows\Monitors</Filter>
    </QtMoc>
    <QtMoc Include="API\Windows\Monitors\FirewallMonitor.h">
      <Filter>API\Windows\Monitors</Filter>
    </QtMoc>
    <QtMoc Include="GUI\TaskInfo\SbieView.h">
      <Filter>TaskExplorer\TaskInfo</Filter>
    </QtMoc>
    <QtMoc Include="GUI\SystemInfo\RpcView.h">
      <Filter>TaskExplorer\SystemInfo</Filter>
    </QtMoc>
    <QtMoc Include="GUI\Models\RpcModel.h">
      <Filter>TaskExplorer\Models</Filter>
    </QtMoc>
    <QtMoc Include="API\Windows\RpcEndpoint.h">
      <Filter>API\Windows</Filter>
    </QtMoc>
  </ItemGroup>
  <ItemGroup>
    <Image Include="Resources\exe16.png">
      <Filter>Resource Files</Filter>
    </Image>
    <Image Include="Resources\exe32.png">
      <Filter>Resource Files</Filter>
    </Image>
    <Image Include="Resources\exe48.png">
      <Filter>Resource Files</Filter>
    </Image>
    <Image Include="Resources\exe64.png">
      <Filter>Resource Files</Filter>
    </Image>
    <Image Include="Resources\TaskExplorer.ico">
      <Filter>Resource Files</Filter>
    </Image>
  </ItemGroup>
  <ItemGroup>
    <QtRcc Include="Resources\TaskExplorer.qrc">
      <Filter>Resource Files</Filter>
    </QtRcc>
  </ItemGroup>
  <ItemGroup>
    <ResourceCompile Include="Resources\TaskExplorer.rc">
      <Filter>Resource Files</Filter>
    </ResourceCompile>
  </ItemGroup>
  <ItemGroup>
    <None Include="..\CHANGELOG.md" />
    <None Include="taskexplorer_de.ts">
      <Filter>Translation Files</Filter>
    </None>
    <None Include="taskexplorer_pl.ts">
      <Filter>Translation Files</Filter>
    </None>
    <None Include="taskexplorer_it.ts">
      <Filter>Translation Files</Filter>
    </None>
    <None Include="taskexplorer_en.ts">
      <Filter>Translation Files</Filter>
    </None>
  </ItemGroup>
  <ItemGroup>
    <QtUic Include="Forms\NewService.ui">
      <Filter>Forms</Filter>
    </QtUic>
    <QtUic Include="Forms\RunAsDialog.ui">
      <Filter>Forms</Filter>
    </QtUic>
    <QtUic Include="Forms\WinSvcShutdown.ui">
      <Filter>Forms</Filter>
    </QtUic>
    <QtUic Include="Forms\WinSvcTrigger.ui">
      <Filter>Forms</Filter>
    </QtUic>
    <QtUic Include="Forms\WinSvcWindow.ui">
      <Filter>Forms</Filter>
    </QtUic>
    <QtUic Include="Forms\SecurityExplorer.ui">
      <Filter>Forms</Filter>
    </QtUic>
    <QtUic Include="Forms\DriverWindow.ui">
      <Filter>Forms</Filter>
    </QtUic>
    <QtUic Include="Forms\SettingsWindow.ui">
      <Filter>Forms</Filter>
    </QtUic>
    <QtUic Include="Forms\RunDialog.ui">
      <Filter>Forms</Filter>
    </QtUic>
  </ItemGroup>
  <ItemGroup>
    <Manifest Include="Resources\TaskExplorer.manifest">
      <Filter>Resource Files</Filter>
    </Manifest>
  </ItemGroup>
</Project>